
Microsoft Visual Studio Solution File, Format Version 12.00
# Visual Studio Version 17
VisualStudioVersion = 17.4.33122.133
MinimumVisualStudioVersion = 10.0.40219.1
Project("{9A19103F-16F7-4668-BE54-9A1E7A4F7556}") = "01.Metres_To_Km", "01.Metres_To_Km\01.Metres_To_Km.csproj", "{FCBBD8D6-EF84-4D29-88FD-993BE7EA4A2F}"
EndProject
Project("{9A19103F-16F7-4668-BE54-9A1E7A4F7556}") = "02.Pounds_To_Dollars", "..\..\02.Pounds_To_Dollars\02.Pounds_To_Dollars\02.Pounds_To_Dollars.csproj", "{7E6634BF-28A5-4F39-9B9D-82FFBC745E3E}"
EndProject
Project("{9A19103F-16F7-4668-BE54-9A1E7A4F7556}") = "03.Exact_Sum_Of_Real_Numbers", "..\..\03.Exact_Sum_Of_Real_Numbers\03.Exact_Sum_Of_Real_Numbers\03.Exact_Sum_Of_Real_Numbers.csproj", "{5B6D889F-8281-43A9-91D8-0436D10DEA5D}"
EndProject
Project("{9A19103F-16F7-4668-BE54-9A1E7A4F7556}") = "04.Centuries_To_Minutes", "..\..\04.Centuries_To_Minutes\04.Centuries_To_Minutes\04.Centuries_To_Minutes.csproj", "{5BF4B7A7-8EDC-4941-A66E-936FF434A88A}"
EndProject
Project("{9A19103F-16F7-4668-BE54-9A1E7A4F7556}") = "05.Special_Numbers", "..\..\05.Special_Numbers\05.Special_Numbers\05.Special_Numbers.csproj", "{5367F0DD-5140-45E0-9BAB-1DEB78DF9343}"
EndProject
Project("{9A19103F-16F7-4668-BE54-9A1E7A4F7556}") = "06.Reversed_Chars", "..\..\06.Reversed_Chars\06.Reversed_Chars\06.Reversed_Chars.csproj", "{B689E033-FED4-4F31-8A0D-FA18B281F8F5}"
EndProject
Project("{9A19103F-16F7-4668-BE54-9A1E7A4F7556}") = "07.Concat_Names", "..\..\07.Concat_Names\07.Concat_Names\07.Concat_Names.csproj", "{9661B353-74FC-4834-A83D-481CEF0EC641}"
EndProject
Project("{FAE04EC0-301F-11D3-BF4B-00C04F79EFBC}") = "08.Town_Info", "..\..\08.Town_Info\08.Town_Info\08.Town_Info.csproj", "{6E0BABC5-0AF7-4EC4-84A3-F76806DDAEA4}"
EndProject
Project("{FAE04EC0-301F-11D3-BF4B-00C04F79EFBC}") = "09.Chars_To_String", "..\..\09.Chars_To_String\09.Chars_To_String\09.Chars_To_String.csproj", "{DD7A3E83-CEBC-4176-A991-3F9FB26B1524}"
EndProject
Project("{FAE04EC0-301F-11D3-BF4B-00C04F79EFBC}") = "10.Lower_Or_Upper", "..\..\10.Lower_Or_Upper\10.Lower_Or_Upper\10.Lower_Or_Upper.csproj", "{E4A3028A-B088-4FE4-89AB-393AC4612208}"
EndProject
Project("{FAE04EC0-301F-11D3-BF4B-00C04F79EFBC}") = "11.Volume_Of_Pyramid", "..\..\11.Volume_Of_Pyramid\11.Volume_Of_Pyramid\11.Volume_Of_Pyramid.csproj", "{6217706C-AA63-4FB9-93AB-5C4F36DB8C9D}"
EndProject
Project("{FAE04EC0-301F-11D3-BF4B-00C04F79EFBC}") = "12.Special_Numbers", "..\..\12.Special_Numbers\12.Special_Numbers\12.Special_Numbers.csproj", "{65CB8D4C-7F7F-4BB9-9CA1-115D38BD0934}"
EndProject
Global
	GlobalSection(SolutionConfigurationPlatforms) = preSolution
		Debug|Any CPU = Debug|Any CPU
		Release|Any CPU = Release|Any CPU
	EndGlobalSection
	GlobalSection(ProjectConfigurationPlatforms) = postSolution
		{FCBBD8D6-EF84-4D29-88FD-993BE7EA4A2F}.Debug|Any CPU.ActiveCfg = Debug|Any CPU
		{FCBBD8D6-EF84-4D29-88FD-993BE7EA4A2F}.Debug|Any CPU.Build.0 = Debug|Any CPU
		{FCBBD8D6-EF84-4D29-88FD-993BE7EA4A2F}.Release|Any CPU.ActiveCfg = Release|Any CPU
		{FCBBD8D6-EF84-4D29-88FD-993BE7EA4A2F}.Release|Any CPU.Build.0 = Release|Any CPU
		{7E6634BF-28A5-4F39-9B9D-82FFBC745E3E}.Debug|Any CPU.ActiveCfg = Debug|Any CPU
		{7E6634BF-28A5-4F39-9B9D-82FFBC745E3E}.Debug|Any CPU.Build.0 = Debug|Any CPU
		{7E6634BF-28A5-4F39-9B9D-82FFBC745E3E}.Release|Any CPU.ActiveCfg = Release|Any CPU
		{7E6634BF-28A5-4F39-9B9D-82FFBC745E3E}.Release|Any CPU.Build.0 = Release|Any CPU
		{5B6D889F-8281-43A9-91D8-0436D10DEA5D}.Debug|Any CPU.ActiveCfg = Debug|Any CPU
		{5B6D889F-8281-43A9-91D8-0436D10DEA5D}.Debug|Any CPU.Build.0 = Debug|Any CPU
		{5B6D889F-8281-43A9-91D8-0436D10DEA5D}.Release|Any CPU.ActiveCfg = Release|Any CPU
		{5B6D889F-8281-43A9-91D8-0436D10DEA5D}.Release|Any CPU.Build.0 = Release|Any CPU
		{5BF4B7A7-8EDC-4941-A66E-936FF434A88A}.Debug|Any CPU.ActiveCfg = Debug|Any CPU
		{5BF4B7A7-8EDC-4941-A66E-936FF434A88A}.Debug|Any CPU.Build.0 = Debug|Any CPU
		{5BF4B7A7-8EDC-4941-A66E-936FF434A88A}.Release|Any CPU.ActiveCfg = Release|Any CPU
		{5BF4B7A7-8EDC-4941-A66E-936FF434A88A}.Release|Any CPU.Build.0 = Release|Any CPU
		{5367F0DD-5140-45E0-9BAB-1DEB78DF9343}.Debug|Any CPU.ActiveCfg = Debug|Any CPU
		{5367F0DD-5140-45E0-9BAB-1DEB78DF9343}.Debug|Any CPU.Build.0 = Debug|Any CPU
		{5367F0DD-5140-45E0-9BAB-1DEB78DF9343}.Release|Any CPU.ActiveCfg = Release|Any CPU
		{5367F0DD-5140-45E0-9BAB-1DEB78DF9343}.Release|Any CPU.Build.0 = Release|Any CPU
		{B689E033-FED4-4F31-8A0D-FA18B281F8F5}.Debug|Any CPU.ActiveCfg = Debug|Any CPU
		{B689E033-FED4-4F31-8A0D-FA18B281F8F5}.Debug|Any CPU.Build.0 = Debug|Any CPU
		{B689E033-FED4-4F31-8A0D-FA18B281F8F5}.Release|Any CPU.ActiveCfg = Release|Any CPU
		{B689E033-FED4-4F31-8A0D-FA18B281F8F5}.Release|Any CPU.Build.0 = Release|Any CPU
		{9661B353-74FC-4834-A83D-481CEF0EC641}.Debug|Any CPU.ActiveCfg = Debug|Any CPU
		{9661B353-74FC-4834-A83D-481CEF0EC641}.Debug|Any CPU.Build.0 = Debug|Any CPU
		{9661B353-74FC-4834-A83D-481CEF0EC641}.Release|Any CPU.ActiveCfg = Release|Any CPU
		{9661B353-74FC-4834-A83D-481CEF0EC641}.Release|Any CPU.Build.0 = Release|Any CPU
		{6E0BABC5-0AF7-4EC4-84A3-F76806DDAEA4}.Debug|Any CPU.ActiveCfg = Debug|Any CPU
		{6E0BABC5-0AF7-4EC4-84A3-F76806DDAEA4}.Debug|Any CPU.Build.0 = Debug|Any CPU
		{6E0BABC5-0AF7-4EC4-84A3-F76806DDAEA4}.Release|Any CPU.ActiveCfg = Release|Any CPU
		{6E0BABC5-0AF7-4EC4-84A3-F76806DDAEA4}.Release|Any CPU.Build.0 = Release|Any CPU
		{DD7A3E83-CEBC-4176-A991-3F9FB26B1524}.Debug|Any CPU.ActiveCfg = Debug|Any CPU
		{DD7A3E83-CEBC-4176-A991-3F9FB26B1524}.Debug|Any CPU.Build.0 = Debug|Any CPU
		{DD7A3E83-CEBC-4176-A991-3F9FB26B1524}.Release|Any CPU.ActiveCfg = Release|Any CPU
		{DD7A3E83-CEBC-4176-A991-3F9FB26B1524}.Release|Any CPU.Build.0 = Release|Any CPU
		{E4A3028A-B088-4FE4-89AB-393AC4612208}.Debug|Any CPU.ActiveCfg = Debug|Any CPU
		{E4A3028A-B088-4FE4-89AB-393AC4612208}.Debug|Any CPU.Build.0 = Debug|Any CPU
		{E4A3028A-B088-4FE4-89AB-393AC4612208}.Release|Any CPU.ActiveCfg = Release|Any CPU
		{E4A3028A-B088-4FE4-89AB-393AC4612208}.Release|Any CPU.Build.0 = Release|Any CPU
		{6217706C-AA63-4FB9-93AB-5C4F36DB8C9D}.Debug|Any CPU.ActiveCfg = Debug|Any CPU
		{6217706C-AA63-4FB9-93AB-5C4F36DB8C9D}.Debug|Any CPU.Build.0 = Debug|Any CPU
		{6217706C-AA63-4FB9-93AB-5C4F36DB8C9D}.Release|Any CPU.ActiveCfg = Release|Any CPU
		{6217706C-AA63-4FB9-93AB-5C4F36DB8C9D}.Release|Any CPU.Build.0 = Release|Any CPU
		{65CB8D4C-7F7F-4BB9-9CA1-115D38BD0934}.Debug|Any CPU.ActiveCfg = Debug|Any CPU
		{65CB8D4C-7F7F-4BB9-9CA1-115D38BD0934}.Debug|Any CPU.Build.0 = Debug|Any CPU
		{65CB8D4C-7F7F-4BB9-9CA1-115D38BD0934}.Release|Any CPU.ActiveCfg = Release|Any CPU
		{65CB8D4C-7F7F-4BB9-9CA1-115D38BD0934}.Release|Any CPU.Build.0 = Release|Any CPU
	EndGlobalSection
	GlobalSection(SolutionProperties) = preSolution
		HideSolutionNode = FALSE
	EndGlobalSection
	GlobalSection(ExtensibilityGlobals) = postSolution
		SolutionGuid = {A15EE535-ECDD-4921-99A9-C6C40CCE81FA}
	EndGlobalSection
EndGlobal
